
Microsoft Visual Studio Solution File, Format Version 12.00
# Visual Studio Version 16
VisualStudioVersion = 16.0.29609.76
MinimumVisualStudioVersion = 10.0.40219.1
Project("{9A19103F-16F7-4668-BE54-9A1E7A4F7556}") = "Ringleader", "Ringleader\Ringleader.csproj", "{0D211CBF-5A47-4242-84B6-D388632181C4}"
EndProject
Project("{9A19103F-16F7-4668-BE54-9A1E7A4F7556}") = "RingleaderExample", "RingleaderExample\RingleaderExample.csproj", "{A2508433-C100-4FDF-8DD5-7F6A6F595788}"
EndProject
Project("{9A19103F-16F7-4668-BE54-9A1E7A4F7556}") = "RingleaderTests", "RingleaderTests\RingleaderTests.csproj", "{916FC366-6A55-426B-91FB-1575F03969E9}"
EndProject
Global
	GlobalSection(SolutionConfigurationPlatforms) = preSolution
		Debug|Any CPU = Debug|Any CPU
		Release|Any CPU = Release|Any CPU
	EndGlobalSection
	GlobalSection(ProjectConfigurationPlatforms) = postSolution
		{0D211CBF-5A47-4242-84B6-D388632181C4}.Debug|Any CPU.ActiveCfg = Debug|Any CPU
		{0D211CBF-5A47-4242-84B6-D388632181C4}.Debug|Any CPU.Build.0 = Debug|Any CPU
		{0D211CBF-5A47-4242-84B6-D388632181C4}.Release|Any CPU.ActiveCfg = Release|Any CPU
		{0D211CBF-5A47-4242-84B6-D388632181C4}.Release|Any CPU.Build.0 = Release|Any CPU
		{A2508433-C100-4FDF-8DD5-7F6A6F595788}.Debug|Any CPU.ActiveCfg = Debug|Any CPU
		{A2508433-C100-4FDF-8DD5-7F6A6F595788}.Debug|Any CPU.Build.0 = Debug|Any CPU
		{A2508433-C100-4FDF-8DD5-7F6A6F595788}.Release|Any CPU.ActiveCfg = Release|Any CPU
		{A2508433-C100-4FDF-8DD5-7F6A6F595788}.Release|Any CPU.Build.0 = Release|Any CPU
		{916FC366-6A55-426B-91FB-1575F03969E9}.Debug|Any CPU.ActiveCfg = Debug|Any CPU
		{916FC366-6A55-426B-91FB-1575F03969E9}.Debug|Any CPU.Build.0 = Debug|Any CPU
		{916FC366-6A55-426B-91FB-1575F03969E9}.Release|Any CPU.ActiveCfg = Release|Any CPU
		{916FC366-6A55-426B-91FB-1575F03969E9}.Release|Any CPU.Build.0 = Release|Any CPU
	EndGlobalSection
	GlobalSection(SolutionProperties) = preSolution
		HideSolutionNode = FALSE
	EndGlobalSection
	GlobalSection(ExtensibilityGlobals) = postSolution
		SolutionGuid = {493589F4-57AD-4A4F-AE0F-36C2D50804B1}
	EndGlobalSection
EndGlobal
